// !$*UTF8*$!
{
	archiveVersion = 1;
	classes = {
	};
	objectVersion = 50;
	objects = {

/* Begin PBXBuildFile section */
		018472B6D3D4A8CF36688AFC /* StringScheme.swift in Sources */ = {isa = PBXBuildFile; fileRef = C5D422E8BE1D517A532BB91F /* StringScheme.swift */; };
		05B2A4F6A9046CA520288143 /* ButtonSosmedView.swift in Sources */ = {isa = PBXBuildFile; fileRef = 5F87626459CEF2C476624594 /* ButtonSosmedView.swift */; };
		2D61A88E6EC3DD7387F56C51 /* ButtonViewModel.swift in Sources */ = {isa = PBXBuildFile; fileRef = 6710314408B6CC57E8881677 /* ButtonViewModel.swift */; };
		2D6469503B22F6AF3C60D9B0 /* TextFieldViewModel.swift in Sources */ = {isa = PBXBuildFile; fileRef = 4F8CB5B18CF4F5167232DE68 /* TextFieldViewModel.swift */; };
		4560D6C374F453B611CE7D8E /* FBAuthentication.swift in Sources */ = {isa = PBXBuildFile; fileRef = 2E42EAD06DE2C727452F1789 /* FBAuthentication.swift */; };
		584756498AF4EB2B0BFABA7B /* ColorConstants.swift in Sources */ = {isa = PBXBuildFile; fileRef = C4E5CECDAA8356B6A184B93A /* ColorConstants.swift */; };
		7F44DBA127422A5D00171570 /* ActivityLoader.swift in Sources */ = {isa = PBXBuildFile; fileRef = 7F44DBA027422A5D00171570 /* ActivityLoader.swift */; };
		884F3E5127B0E65A00963FC4 /* RoundedCornersView.swift in Sources */ = {isa = PBXBuildFile; fileRef = 884F3E5027B0E65A00963FC4 /* RoundedCornersView.swift */; };
		8853052627718DC500B04E6F /* ViewExtension.swift in Sources */ = {isa = PBXBuildFile; fileRef = 8853052527718DC500B04E6F /* ViewExtension.swift */; };
		8853052A27718E2D00B04E6F /* EncodableExtension.swift in Sources */ = {isa = PBXBuildFile; fileRef = 8853052927718E2D00B04E6F /* EncodableExtension.swift */; };
		8853052C2771949600B04E6F /* UINavigationController.swift in Sources */ = {isa = PBXBuildFile; fileRef = 8853052B2771949600B04E6F /* UINavigationController.swift */; };
		88680D1C2775C601002E964F /* ViewportHelper.swift in Sources */ = {isa = PBXBuildFile; fileRef = 88680D1B2775C601002E964F /* ViewportHelper.swift */; };
		888CB47527686A000041116C /* APIExtensions.swift in Sources */ = {isa = PBXBuildFile; fileRef = 888CB47427686A000041116C /* APIExtensions.swift */; };
		88ED74EC272FFE6F0088E3EF /* Assets.xcassets in Resources */ = {isa = PBXBuildFile; fileRef = 88ED74EB272FFE6F0088E3EF /* Assets.xcassets */; };
		88ED74EF272FFE6F0088E3EF /* Preview Assets.xcassets in Resources */ = {isa = PBXBuildFile; fileRef = 88ED74EE272FFE6F0088E3EF /* Preview Assets.xcassets */; };
		88ED7500272FFECA0088E3EF /* Utilities.swift in Sources */ = {isa = PBXBuildFile; fileRef = 88ED74F7272FFECA0088E3EF /* Utilities.swift */; };
		88ED7501272FFECA0088E3EF /* AppConstants.swift in Sources */ = {isa = PBXBuildFile; fileRef = 88ED74F9272FFECA0088E3EF /* AppConstants.swift */; };
		88ED7503272FFECA0088E3EF /* APIManager.swift in Sources */ = {isa = PBXBuildFile; fileRef = 88ED74FD272FFECA0088E3EF /* APIManager.swift */; };
		88ED7504272FFECA0088E3EF /* Fardansapplication4App.swift in Sources */ = {isa = PBXBuildFile; fileRef = 88ED74FF272FFECA0088E3EF /* Fardansapplication4App.swift */; };
		A572DDBC0AF39C611275C073 /* AppnavigationViewModel.swift in Sources */ = {isa = PBXBuildFile; fileRef = 1F70591EA2025BE9F677AF39 /* AppnavigationViewModel.swift */; };
		BC6354E1C9EBD5CCF335B049 /* ButtonView.swift in Sources */ = {isa = PBXBuildFile; fileRef = BF3AA89A95CA1E8E77C6D602 /* ButtonView.swift */; };
		BC8790702D609B97B64A49F8 /* FontScheme.swift in Sources */ = {isa = PBXBuildFile; fileRef = 2A3D8005E8435E5BDF68CA44 /* FontScheme.swift */; };
		C12C058A4C8625B8B8A615C4 /* TextFieldView.swift in Sources */ = {isa = PBXBuildFile; fileRef = 2B31A80FD2B8531528AABCDE /* TextFieldView.swift */; };
		C40AB9F82754D79E006BC5D7 /* AppDelegate.swift in Sources */ = {isa = PBXBuildFile; fileRef = C40AB9F72754D79E006BC5D7 /* AppDelegate.swift */; };
		DCB21E400045FF43F275CF9A /* ButtonSosmedViewModel.swift in Sources */ = {isa = PBXBuildFile; fileRef = 057CF454E6B46ED8850F7214 /* ButtonSosmedViewModel.swift */; };
		DCE8AF49682891B495F44406 /* AppnavigationView.swift in Sources */ = {isa = PBXBuildFile; fileRef = B916DFEB6200338B021CA6A2 /* AppnavigationView.swift */; };
/* End PBXBuildFile section */

/* Begin PBXFileReference section */
		057CF454E6B46ED8850F7214 /* ButtonSosmedViewModel.swift */ = {isa = PBXFileReference; includeInIndex = 1; lastKnownFileType = sourcecode.swift; path = ButtonSosmedViewModel.swift; sourceTree = "<group>"; };
		1F70591EA2025BE9F677AF39 /* AppnavigationViewModel.swift */ = {isa = PBXFileReference; includeInIndex = 1; lastKnownFileType = sourcecode.swift; path = AppnavigationViewModel.swift; sourceTree = "<group>"; };
		2A3D8005E8435E5BDF68CA44 /* FontScheme.swift */ = {isa = PBXFileReference; includeInIndex = 1; lastKnownFileType = sourcecode.swift; path = FontScheme.swift; sourceTree = "<group>"; };
		2B31A80FD2B8531528AABCDE /* TextFieldView.swift */ = {isa = PBXFileReference; includeInIndex = 1; lastKnownFileType = sourcecode.swift; path = TextFieldView.swift; sourceTree = "<group>"; };
		2E42EAD06DE2C727452F1789 /* FBAuthentication.swift */ = {isa = PBXFileReference; includeInIndex = 1; lastKnownFileType = sourcecode.swift; path = FBAuthentication.swift; sourceTree = "<group>"; };
		4F8CB5B18CF4F5167232DE68 /* TextFieldViewModel.swift */ = {isa = PBXFileReference; includeInIndex = 1; lastKnownFileType = sourcecode.swift; path = TextFieldViewModel.swift; sourceTree = "<group>"; };
		5F87626459CEF2C476624594 /* ButtonSosmedView.swift */ = {isa = PBXFileReference; includeInIndex = 1; lastKnownFileType = sourcecode.swift; path = ButtonSosmedView.swift; sourceTree = "<group>"; };
		6710314408B6CC57E8881677 /* ButtonViewModel.swift */ = {isa = PBXFileReference; includeInIndex = 1; lastKnownFileType = sourcecode.swift; path = ButtonViewModel.swift; sourceTree = "<group>"; };
		7F44DBA027422A5D00171570 /* ActivityLoader.swift */ = {isa = PBXFileReference; lastKnownFileType = sourcecode.swift; path = ActivityLoader.swift; sourceTree = "<group>"; };
		884F3E5027B0E65A00963FC4 /* RoundedCornersView.swift */ = {isa = PBXFileReference; lastKnownFileType = sourcecode.swift; path = RoundedCornersView.swift; sourceTree = "<group>"; };
		8853052527718DC500B04E6F /* ViewExtension.swift */ = {isa = PBXFileReference; lastKnownFileType = sourcecode.swift; path = ViewExtension.swift; sourceTree = "<group>"; };
		8853052927718E2D00B04E6F /* EncodableExtension.swift */ = {isa = PBXFileReference; lastKnownFileType = sourcecode.swift; path = EncodableExtension.swift; sourceTree = "<group>"; };
		8853052B2771949600B04E6F /* UINavigationController.swift */ = {isa = PBXFileReference; fileEncoding = 4; lastKnownFileType = sourcecode.swift; path = UINavigationController.swift; sourceTree = "<group>"; };
		88680D1B2775C601002E964F /* ViewportHelper.swift */ = {isa = PBXFileReference; lastKnownFileType = sourcecode.swift; path = ViewportHelper.swift; sourceTree = "<group>"; };
		888CB47427686A000041116C /* APIExtensions.swift */ = {isa = PBXFileReference; lastKnownFileType = sourcecode.swift; path = APIExtensions.swift; sourceTree = "<group>"; };
		88ED74E4272FFE6E0088E3EF /* Fardansapplication4.app */ = {isa = PBXFileReference; explicitFileType = wrapper.application; includeInIndex = 0; path = Fardansapplication4.app; sourceTree = BUILT_PRODUCTS_DIR; };
		88ED74EB272FFE6F0088E3EF /* Assets.xcassets */ = {isa = PBXFileReference; lastKnownFileType = folder.assetcatalog; path = Assets.xcassets; sourceTree = "<group>"; };
		88ED74EE272FFE6F0088E3EF /* Preview Assets.xcassets */ = {isa = PBXFileReference; lastKnownFileType = folder.assetcatalog; path = "Preview Assets.xcassets"; sourceTree = "<group>"; };
		88ED74F0272FFE6F0088E3EF /* Info.plist */ = {isa = PBXFileReference; lastKnownFileType = text.plist.xml; path = Info.plist; sourceTree = "<group>"; };
		88ED74F7272FFECA0088E3EF /* Utilities.swift */ = {isa = PBXFileReference; fileEncoding = 4; lastKnownFileType = sourcecode.swift; path = Utilities.swift; sourceTree = "<group>"; };
		88ED74F9272FFECA0088E3EF /* AppConstants.swift */ = {isa = PBXFileReference; fileEncoding = 4; lastKnownFileType = sourcecode.swift; path = AppConstants.swift; sourceTree = "<group>"; };
		88ED74FD272FFECA0088E3EF /* APIManager.swift */ = {isa = PBXFileReference; fileEncoding = 4; lastKnownFileType = sourcecode.swift; path = APIManager.swift; sourceTree = "<group>"; };
		88ED74FF272FFECA0088E3EF /* Fardansapplication4App.swift */ = {isa = PBXFileReference; fileEncoding = 4; lastKnownFileType = sourcecode.swift; path = Fardansapplication4App.swift; sourceTree = "<group>"; };
		B916DFEB6200338B021CA6A2 /* AppnavigationView.swift */ = {isa = PBXFileReference; includeInIndex = 1; lastKnownFileType = sourcecode.swift; path = AppnavigationView.swift; sourceTree = "<group>"; };
		BF3AA89A95CA1E8E77C6D602 /* ButtonView.swift */ = {isa = PBXFileReference; includeInIndex = 1; lastKnownFileType = sourcecode.swift; path = ButtonView.swift; sourceTree = "<group>"; };
		C40AB9F72754D79E006BC5D7 /* AppDelegate.swift */ = {isa = PBXFileReference; fileEncoding = 4; lastKnownFileType = sourcecode.swift; path = AppDelegate.swift; sourceTree = "<group>"; };
		C4E5CECDAA8356B6A184B93A /* ColorConstants.swift */ = {isa = PBXFileReference; includeInIndex = 1; lastKnownFileType = sourcecode.swift; path = ColorConstants.swift; sourceTree = "<group>"; };
		C5D422E8BE1D517A532BB91F /* StringScheme.swift */ = {isa = PBXFileReference; includeInIndex = 1; lastKnownFileType = sourcecode.swift; path = StringScheme.swift; sourceTree = "<group>"; };
/* End PBXFileReference section */

/* Begin PBXFrameworksBuildPhase section */
		88ED74E1272FFE6E0088E3EF /* Frameworks */ = {
			isa = PBXFrameworksBuildPhase;
			buildActionMask = 2147483647;
			files = (
			);
			runOnlyForDeploymentPostprocessing = 0;
		};
/* End PBXFrameworksBuildPhase section */

/* Begin PBXGroup section */
		0B4D702A25C770167A47BCCA /* ButtonView */ = {
			isa = PBXGroup;
			children = (
				BF3AA89A95CA1E8E77C6D602 /* ButtonView.swift */,
				6710314408B6CC57E8881677 /* ButtonViewModel.swift */,
			);
			name = ButtonView;
			path = ButtonView;
			sourceTree = "<group>";
		};
		2D997A94DC77EB78BD700D5F /* ButtonSosmedView */ = {
			isa = PBXGroup;
			children = (
				5F87626459CEF2C476624594 /* ButtonSosmedView.swift */,
				057CF454E6B46ED8850F7214 /* ButtonSosmedViewModel.swift */,
			);
			name = ButtonSosmedView;
			path = ButtonSosmedView;
			sourceTree = "<group>";
		};
		7F44DB9E27422A4200171570 /* Helper */ = {
			isa = PBXGroup;
			children = (
				88680D1A2775C5BD002E964F /* Viewport */,
				7F44DB9F27422A4200171570 /* ActivityLoader */,
				F3ECFA1B5F7C5573F4A09E05 /* FacebookAuthentication */,
			);
			path = Helper;
			sourceTree = "<group>";
		};
		7F44DB9F27422A4200171570 /* ActivityLoader */ = {
			isa = PBXGroup;
			children = (
				7F44DBA027422A5D00171570 /* ActivityLoader.swift */,
			);
			path = ActivityLoader;
			sourceTree = "<group>";
		};
		88680D1A2775C5BD002E964F /* Viewport */ = {
			isa = PBXGroup;
			children = (
				88680D1B2775C601002E964F /* ViewportHelper.swift */,
			);
			path = Viewport;
			sourceTree = "<group>";
		};
		88ED74DB272FFE6E0088E3EF = {
			isa = PBXGroup;
			children = (
				88ED74E6272FFE6E0088E3EF /* Fardansapplication4 */,
				88ED74E5272FFE6E0088E3EF /* Products */,
			);
			sourceTree = "<group>";
		};
		88ED74E5272FFE6E0088E3EF /* Products */ = {
			isa = PBXGroup;
			children = (
				88ED74E4272FFE6E0088E3EF /* Fardansapplication4.app */,
			);
			name = Products;
			sourceTree = "<group>";
		};
		88ED74E6272FFE6E0088E3EF /* Fardansapplication4 */ = {
			isa = PBXGroup;
			children = (
				88ED74FC272FFECA0088E3EF /* Services */,
				88ED74FE272FFECA0088E3EF /* Application */,
				88ED74F8272FFECA0088E3EF /* Constants */,
				88ED74FA272FFECA0088E3EF /* Extensions */,
				88ED74F6272FFECA0088E3EF /* Utilities */,
				7F44DB9E27422A4200171570 /* Helper */,
				88ED74EB272FFE6F0088E3EF /* Assets.xcassets */,
				88ED74F0272FFE6F0088E3EF /* Info.plist */,
				88ED74ED272FFE6F0088E3EF /* Preview Content */,
				96DE46E72F5E4EBAD1000398 /* Views */,
				A3D764F09D733AA8533F01E7 /* CustomViews */,
			);
			path = Fardansapplication4;
			sourceTree = "<group>";
		};
		88ED74ED272FFE6F0088E3EF /* Preview Content */ = {
			isa = PBXGroup;
			children = (
				88ED74EE272FFE6F0088E3EF /* Preview Assets.xcassets */,
			);
			path = "Preview Content";
			sourceTree = "<group>";
		};
		88ED74F6272FFECA0088E3EF /* Utilities */ = {
			isa = PBXGroup;
			children = (
				88ED74F7272FFECA0088E3EF /* Utilities.swift */,
			);
			path = Utilities;
			sourceTree = "<group>";
		};
		88ED74F8272FFECA0088E3EF /* Constants */ = {
			isa = PBXGroup;
			children = (
				88ED74F9272FFECA0088E3EF /* AppConstants.swift */,
				C5D422E8BE1D517A532BB91F /* StringScheme.swift */,
				C4E5CECDAA8356B6A184B93A /* ColorConstants.swift */,
				2A3D8005E8435E5BDF68CA44 /* FontScheme.swift */,
			);
			path = Constants;
			sourceTree = "<group>";
		};
		88ED74FA272FFECA0088E3EF /* Extensions */ = {
			isa = PBXGroup;
			children = (
				888CB47427686A000041116C /* APIExtensions.swift */,
				8853052527718DC500B04E6F /* ViewExtension.swift */,
				8853052B2771949600B04E6F /* UINavigationController.swift */,
				8853052927718E2D00B04E6F /* EncodableExtension.swift */,
				884F3E5027B0E65A00963FC4 /* RoundedCornersView.swift */,
			);
			path = Extensions;
			sourceTree = "<group>";
		};
		88ED74FC272FFECA0088E3EF /* Services */ = {
			isa = PBXGroup;
			children = (
				88ED74FD272FFECA0088E3EF /* APIManager.swift */,
			);
			path = Services;
			sourceTree = "<group>";
		};
		88ED74FE272FFECA0088E3EF /* Application */ = {
			isa = PBXGroup;
			children = (
				C40AB9F72754D79E006BC5D7 /* AppDelegate.swift */,
				88ED74FF272FFECA0088E3EF /* Fardansapplication4App.swift */,
			);
			path = Application;
			sourceTree = "<group>";
		};
		96DE46E72F5E4EBAD1000398 /* Views */ = {
			isa = PBXGroup;
			children = (
				0B4D702A25C770167A47BCCA /* ButtonView */,
				9D5BA33E43F4B151ED7567FD /* TextFieldView */,
				2D997A94DC77EB78BD700D5F /* ButtonSosmedView */,
				AE2E0B41C2E6C119C6524C45 /* AppnavigationView */,
			);
			name = Views;
			path = Views;
			sourceTree = "<group>";
		};
		9D5BA33E43F4B151ED7567FD /* TextFieldView */ = {
			isa = PBXGroup;
			children = (
				2B31A80FD2B8531528AABCDE /* TextFieldView.swift */,
				4F8CB5B18CF4F5167232DE68 /* TextFieldViewModel.swift */,
			);
			name = TextFieldView;
			path = TextFieldView;
			sourceTree = "<group>";
		};
		A3D764F09D733AA8533F01E7 /* CustomViews */ = {
			isa = PBXGroup;
			children = (
			);
			name = CustomViews;
			path = CustomViews;
			sourceTree = "<group>";
		};
		AE2E0B41C2E6C119C6524C45 /* AppnavigationView */ = {
			isa = PBXGroup;
			children = (
				B916DFEB6200338B021CA6A2 /* AppnavigationView.swift */,
				1F70591EA2025BE9F677AF39 /* AppnavigationViewModel.swift */,
			);
			name = AppnavigationView;
			path = AppnavigationView;
			sourceTree = "<group>";
		};
		F3ECFA1B5F7C5573F4A09E05 /* FacebookAuthentication */ = {
			isa = PBXGroup;
			children = (
				2E42EAD06DE2C727452F1789 /* FBAuthentication.swift */,
			);
			name = FacebookAuthentication;
			path = FacebookAuthentication;
			sourceTree = "<group>";
		};
/* End PBXGroup section */

/* Begin PBXNativeTarget section */
		88ED74E3272FFE6E0088E3EF /* Fardansapplication4 */ = {
			isa = PBXNativeTarget;
			buildConfigurationList = 88ED74F3272FFE6F0088E3EF /* Build configuration list for PBXNativeTarget "Fardansapplication4" */;
			buildPhases = (
				88ED74E0272FFE6E0088E3EF /* Sources */,
				88ED74E1272FFE6E0088E3EF /* Frameworks */,
				88ED74E2272FFE6E0088E3EF /* Resources */,
			);
			buildRules = (
			);
			dependencies = (
			);
			name = Fardansapplication4;
			productName = Fardansapplication4;
			productReference = 88ED74E4272FFE6E0088E3EF /* Fardansapplication4.app */;
			productType = "com.apple.product-type.application";
		};
/* End PBXNativeTarget section */

/* Begin PBXProject section */
		88ED74DC272FFE6E0088E3EF /* Project object */ = {
			isa = PBXProject;
			attributes = {
				LastSwiftUpdateCheck = 1250;
				LastUpgradeCheck = 1250;
				TargetAttributes = {
					88ED74E3272FFE6E0088E3EF = {
						CreatedOnToolsVersion = 12.5;
					};
				};
			};
			buildConfigurationList = 88ED74DF272FFE6E0088E3EF /* Build configuration list for PBXProject "Fardansapplication4" */;
			compatibilityVersion = "Xcode 9.3";
			developmentRegion = en;
			hasScannedForEncodings = 0;
			knownRegions = (
				en,
				Base,
			);
			mainGroup = 88ED74DB272FFE6E0088E3EF;
			productRefGroup = 88ED74E5272FFE6E0088E3EF /* Products */;
			projectDirPath = "";
			projectRoot = "";
			targets = (
				88ED74E3272FFE6E0088E3EF /* Fardansapplication4 */,
			);
		};
/* End PBXProject section */

/* Begin PBXResourcesBuildPhase section */
		88ED74E2272FFE6E0088E3EF /* Resources */ = {
			isa = PBXResourcesBuildPhase;
			buildActionMask = 2147483647;
			files = (
				88ED74EF272FFE6F0088E3EF /* Preview Assets.xcassets in Resources */,
				88ED74EC272FFE6F0088E3EF /* Assets.xcassets in Resources */,
			);
			runOnlyForDeploymentPostprocessing = 0;
		};
/* End PBXResourcesBuildPhase section */

/* Begin PBXSourcesBuildPhase section */
		88ED74E0272FFE6E0088E3EF /* Sources */ = {
			isa = PBXSourcesBuildPhase;
			buildActionMask = 2147483647;
			files = (
				888CB47527686A000041116C /* APIExtensions.swift in Sources */,
				8853052A27718E2D00B04E6F /* EncodableExtension.swift in Sources */,
				8853052C2771949600B04E6F /* UINavigationController.swift in Sources */,
				88ED7503272FFECA0088E3EF /* APIManager.swift in Sources */,
				7F44DBA127422A5D00171570 /* ActivityLoader.swift in Sources */,
				8853052627718DC500B04E6F /* ViewExtension.swift in Sources */,
				88ED7500272FFECA0088E3EF /* Utilities.swift in Sources */,
				88ED7504272FFECA0088E3EF /* Fardansapplication4App.swift in Sources */,
				C40AB9F82754D79E006BC5D7 /* AppDelegate.swift in Sources */,
				88680D1C2775C601002E964F /* ViewportHelper.swift in Sources */,
				88ED7501272FFECA0088E3EF /* AppConstants.swift in Sources */,
				884F3E5127B0E65A00963FC4 /* RoundedCornersView.swift in Sources */,
				018472B6D3D4A8CF36688AFC /* StringScheme.swift in Sources */,
				584756498AF4EB2B0BFABA7B /* ColorConstants.swift in Sources */,
				BC8790702D609B97B64A49F8 /* FontScheme.swift in Sources */,
				BC6354E1C9EBD5CCF335B049 /* ButtonView.swift in Sources */,
				C12C058A4C8625B8B8A615C4 /* TextFieldView.swift in Sources */,
				05B2A4F6A9046CA520288143 /* ButtonSosmedView.swift in Sources */,
				DCE8AF49682891B495F44406 /* AppnavigationView.swift in Sources */,
				4560D6C374F453B611CE7D8E /* FBAuthentication.swift in Sources */,
				2D6469503B22F6AF3C60D9B0 /* TextFieldViewModel.swift in Sources */,
				2D61A88E6EC3DD7387F56C51 /* ButtonViewModel.swift in Sources */,
				A572DDBC0AF39C611275C073 /* AppnavigationViewModel.swift in Sources */,
				DCB21E400045FF43F275CF9A /* ButtonSosmedViewModel.swift in Sources */,
			);
			runOnlyForDeploymentPostprocessing = 0;
		};
/* End PBXSourcesBuildPhase section */

/* Begin XCBuildConfiguration section */
		88ED74F1272FFE6F0088E3EF /* Debug */ = {
			isa = XCBuildConfiguration;
			buildSettings = {
				ALWAYS_SEARCH_USER_PATHS = NO;
				CLANG_ANALYZER_NONNULL = YES;
				CLANG_ANALYZER_NUMBER_OBJECT_CONVERSION = YES_AGGRESSIVE;
				CLANG_CXX_LANGUAGE_STANDARD = "gnu++14";
				CLANG_CXX_LIBRARY = "libc++";
				CLANG_ENABLE_MODULES = YES;
				CLANG_ENABLE_OBJC_ARC = YES;
				CLANG_ENABLE_OBJC_WEAK = YES;
				CLANG_WARN_BLOCK_CAPTURE_AUTORELEASING = YES;
				CLANG_WARN_BOOL_CONVERSION = YES;
				CLANG_WARN_COMMA = YES;
				CLANG_WARN_CONSTANT_CONVERSION = YES;
				CLANG_WARN_DEPRECATED_OBJC_IMPLEMENTATIONS = YES;
				CLANG_WARN_DIRECT_OBJC_ISA_USAGE = YES_ERROR;
				CLANG_WARN_DOCUMENTATION_COMMENTS = YES;
				CLANG_WARN_EMPTY_BODY = YES;
				CLANG_WARN_ENUM_CONVERSION = YES;
				CLANG_WARN_INFINITE_RECURSION = YES;
				CLANG_WARN_INT_CONVERSION = YES;
				CLANG_WARN_NON_LITERAL_NULL_CONVERSION = YES;
				CLANG_WARN_OBJC_IMPLICIT_RETAIN_SELF = YES;
				CLANG_WARN_OBJC_LITERAL_CONVERSION = YES;
				CLANG_WARN_OBJC_ROOT_CLASS = YES_ERROR;
				CLANG_WARN_QUOTED_INCLUDE_IN_FRAMEWORK_HEADER = YES;
				CLANG_WARN_RANGE_LOOP_ANALYSIS = YES;
				CLANG_WARN_STRICT_PROTOTYPES = YES;
				CLANG_WARN_SUSPICIOUS_MOVE = YES;
				CLANG_WARN_UNGUARDED_AVAILABILITY = YES_AGGRESSIVE;
				CLANG_WARN_UNREACHABLE_CODE = YES;
				CLANG_WARN__DUPLICATE_METHOD_MATCH = YES;
				COPY_PHASE_STRIP = NO;
				DEBUG_INFORMATION_FORMAT = dwarf;
				ENABLE_STRICT_OBJC_MSGSEND = YES;
				ENABLE_TESTABILITY = YES;
				GCC_C_LANGUAGE_STANDARD = gnu11;
				GCC_DYNAMIC_NO_PIC = NO;
				GCC_NO_COMMON_BLOCKS = YES;
				GCC_OPTIMIZATION_LEVEL = 0;
				GCC_PREPROCESSOR_DEFINITIONS = (
					"DEBUG=1",
					"$(inherited)",
				);
				GCC_WARN_64_TO_32_BIT_CONVERSION = YES;
				GCC_WARN_ABOUT_RETURN_TYPE = YES_ERROR;
				GCC_WARN_UNDECLARED_SELECTOR = YES;
				GCC_WARN_UNINITIALIZED_AUTOS = YES_AGGRESSIVE;
				GCC_WARN_UNUSED_FUNCTION = YES;
				GCC_WARN_UNUSED_VARIABLE = YES;
				IPHONEOS_DEPLOYMENT_TARGET = 14.5;
				MTL_ENABLE_DEBUG_INFO = INCLUDE_SOURCE;
				MTL_FAST_MATH = YES;
				ONLY_ACTIVE_ARCH = YES;
				SDKROOT = iphoneos;
				SWIFT_ACTIVE_COMPILATION_CONDITIONS = DEBUG;
				SWIFT_OPTIMIZATION_LEVEL = "-Onone";
			};
			name = Debug;
		};
		88ED74F2272FFE6F0088E3EF /* Release */ = {
			isa = XCBuildConfiguration;
			buildSettings = {
				ALWAYS_SEARCH_USER_PATHS = NO;
				CLANG_ANALYZER_NONNULL = YES;
				CLANG_ANALYZER_NUMBER_OBJECT_CONVERSION = YES_AGGRESSIVE;
				CLANG_CXX_LANGUAGE_STANDARD = "gnu++14";
				CLANG_CXX_LIBRARY = "libc++";
				CLANG_ENABLE_MODULES = YES;
				CLANG_ENABLE_OBJC_ARC = YES;
				CLANG_ENABLE_OBJC_WEAK = YES;
				CLANG_WARN_BLOCK_CAPTURE_AUTORELEASING = YES;
				CLANG_WARN_BOOL_CONVERSION = YES;
				CLANG_WARN_COMMA = YES;
				CLANG_WARN_CONSTANT_CONVERSION = YES;
				CLANG_WARN_DEPRECATED_OBJC_IMPLEMENTATIONS = YES;
				CLANG_WARN_DIRECT_OBJC_ISA_USAGE = YES_ERROR;
				CLANG_WARN_DOCUMENTATION_COMMENTS = YES;
				CLANG_WARN_EMPTY_BODY = YES;
				CLANG_WARN_ENUM_CONVERSION = YES;
				CLANG_WARN_INFINITE_RECURSION = YES;
				CLANG_WARN_INT_CONVERSION = YES;
				CLANG_WARN_NON_LITERAL_NULL_CONVERSION = YES;
				CLANG_WARN_OBJC_IMPLICIT_RETAIN_SELF = YES;
				CLANG_WARN_OBJC_LITERAL_CONVERSION = YES;
				CLANG_WARN_OBJC_ROOT_CLASS = YES_ERROR;
				CLANG_WARN_QUOTED_INCLUDE_IN_FRAMEWORK_HEADER = YES;
				CLANG_WARN_RANGE_LOOP_ANALYSIS = YES;
				CLANG_WARN_STRICT_PROTOTYPES = YES;
				CLANG_WARN_SUSPICIOUS_MOVE = YES;
				CLANG_WARN_UNGUARDED_AVAILABILITY = YES_AGGRESSIVE;
				CLANG_WARN_UNREACHABLE_CODE = YES;
				CLANG_WARN__DUPLICATE_METHOD_MATCH = YES;
				COPY_PHASE_STRIP = NO;
				DEBUG_INFORMATION_FORMAT = "dwarf-with-dsym";
				ENABLE_NS_ASSERTIONS = NO;
				ENABLE_STRICT_OBJC_MSGSEND = YES;
				GCC_C_LANGUAGE_STANDARD = gnu11;
				GCC_NO_COMMON_BLOCKS = YES;
				GCC_WARN_64_TO_32_BIT_CONVERSION = YES;
				GCC_WARN_ABOUT_RETURN_TYPE = YES_ERROR;
				GCC_WARN_UNDECLARED_SELECTOR = YES;
				GCC_WARN_UNINITIALIZED_AUTOS = YES_AGGRESSIVE;
				GCC_WARN_UNUSED_FUNCTION = YES;
				GCC_WARN_UNUSED_VARIABLE = YES;
				IPHONEOS_DEPLOYMENT_TARGET = 14.5;
				MTL_ENABLE_DEBUG_INFO = NO;
				MTL_FAST_MATH = YES;
				SDKROOT = iphoneos;
				SWIFT_COMPILATION_MODE = wholemodule;
				SWIFT_OPTIMIZATION_LEVEL = "-O";
				VALIDATE_PRODUCT = YES;
			};
			name = Release;
		};
		88ED74F4272FFE6F0088E3EF /* Debug */ = {
			isa = XCBuildConfiguration;
			buildSettings = {
				ASSETCATALOG_COMPILER_APPICON_NAME = AppIcon;
				ASSETCATALOG_COMPILER_GLOBAL_ACCENT_COLOR_NAME = AccentColor;
				CODE_SIGN_STYLE = Automatic;
				DEVELOPMENT_ASSET_PATHS = "\"Fardansapplication4/Preview Content\"";
				DEVELOPMENT_TEAM = "";
				ENABLE_PREVIEWS = YES;
				INFOPLIST_FILE = Fardansapplication4/Info.plist;
				IPHONEOS_DEPLOYMENT_TARGET = 14.0;
				LD_RUNPATH_SEARCH_PATHS = (
					"$(inherited)",
					"@executable_path/Frameworks",
				);
				PRODUCT_BUNDLE_IDENTIFIER = com.fardansapplication.app;
				PRODUCT_NAME = "$(TARGET_NAME)";
				SWIFT_VERSION = 5.0;
				TARGETED_DEVICE_FAMILY = "1,2";
			};
			name = Debug;
		};
		88ED74F5272FFE6F0088E3EF /* Release */ = {
			isa = XCBuildConfiguration;
			buildSettings = {
				ASSETCATALOG_COMPILER_APPICON_NAME = AppIcon;
				ASSETCATALOG_COMPILER_GLOBAL_ACCENT_COLOR_NAME = AccentColor;
				CODE_SIGN_STYLE = Automatic;
				DEVELOPMENT_ASSET_PATHS = "\"Fardansapplication4/Preview Content\"";
				DEVELOPMENT_TEAM = "";
				ENABLE_PREVIEWS = YES;
				INFOPLIST_FILE = Fardansapplication4/Info.plist;
				IPHONEOS_DEPLOYMENT_TARGET = 14.0;
				LD_RUNPATH_SEARCH_PATHS = (
					"$(inherited)",
					"@executable_path/Frameworks",
				);
				PRODUCT_BUNDLE_IDENTIFIER = com.fardansapplication.app;
				PRODUCT_NAME = "$(TARGET_NAME)";
				SWIFT_VERSION = 5.0;
				TARGETED_DEVICE_FAMILY = "1,2";
			};
			name = Release;
		};
/* End XCBuildConfiguration section */

/* Begin XCConfigurationList section */
		88ED74DF272FFE6E0088E3EF /* Build configuration list for PBXProject "Fardansapplication4" */ = {
			isa = XCConfigurationList;
			buildConfigurations = (
				88ED74F1272FFE6F0088E3EF /* Debug */,
				88ED74F2272FFE6F0088E3EF /* Release */,
			);
			defaultConfigurationIsVisible = 0;
			defaultConfigurationName = Release;
		};
		88ED74F3272FFE6F0088E3EF /* Build configuration list for PBXNativeTarget "Fardansapplication4" */ = {
			isa = XCConfigurationList;
			buildConfigurations = (
				88ED74F4272FFE6F0088E3EF /* Debug */,
				88ED74F5272FFE6F0088E3EF /* Release */,
			);
			defaultConfigurationIsVisible = 0;
			defaultConfigurationName = Release;
		};
/* End XCConfigurationList section */
	};
	rootObject = 88ED74DC272FFE6E0088E3EF /* Project object */;
}
